
Microsoft Visual Studio Solution File, Format Version 12.00
# Visual Studio Version 16
VisualStudioVersion = 16.0.29326.143
MinimumVisualStudioVersion = 10.0.40219.1
Project("{FAE04EC0-301F-11D3-BF4B-00C04F79EFBC}") = "FloralShop", "FloralShop.csproj", "{D283FCBC-43FB-426B-A596-4F56DF6FC0A8}"
EndProject
Global
	GlobalSection(SolutionConfigurationPlatforms) = preSolution
		Debug|Any CPU = Debug|Any CPU
		Release|Any CPU = Release|Any CPU
	EndGlobalSection
	GlobalSection(ProjectConfigurationPlatforms) = postSolution
		{D283FCBC-43FB-426B-A596-4F56DF6FC0A8}.Debug|Any CPU.ActiveCfg = Debug|Any CPU
		{D283FCBC-43FB-426B-A596-4F56DF6FC0A8}.Debug|Any CPU.Build.0 = Debug|Any CPU
		{D283FCBC-43FB-426B-A596-4F56DF6FC0A8}.Release|Any CPU.ActiveCfg = Release|Any CPU
		{D283FCBC-43FB-426B-A596-4F56DF6FC0A8}.Release|Any CPU.Build.0 = Release|Any CPU
	EndGlobalSection
	GlobalSection(SolutionProperties) = preSolution
		HideSolutionNode = FALSE
	EndGlobalSection
	GlobalSection(ExtensibilityGlobals) = postSolution
		SolutionGuid = {E3BD1099-D29F-4B66-BCBB-71C0A1717796}
	EndGlobalSection
EndGlobal
